
Microsoft Visual Studio Solution File, Format Version 12.00
# Visual Studio Version 17
VisualStudioVersion = 17.0.31903.59
MinimumVisualStudioVersion = 10.0.40219.1
Project("{FAE04EC0-301F-11D3-BF4B-00C04F79EFBC}") = "Converter", "Converter\Converter.csproj", "{9E6E4AE2-3832-4146-972D-28195C1A5363}"
EndProject
Project("{FAE04EC0-301F-11D3-BF4B-00C04F79EFBC}") = "App", "App\App.csproj", "{18C4475D-2752-48CB-97B7-E054D2B177E4}"
EndProject
Project("{FAE04EC0-301F-11D3-BF4B-00C04F79EFBC}") = "Converter.Tests", "Converter.Tests\Converter.Tests.csproj", "{C1C58C28-BDE2-47C8-8BA4-8A4D61ECB3E1}"
EndProject
Global
	GlobalSection(SolutionConfigurationPlatforms) = preSolution
		Debug|Any CPU = Debug|Any CPU
		Release|Any CPU = Release|Any CPU
	EndGlobalSection
	GlobalSection(SolutionProperties) = preSolution
		HideSolutionNode = FALSE
	EndGlobalSection
	GlobalSection(ProjectConfigurationPlatforms) = postSolution
		{9E6E4AE2-3832-4146-972D-28195C1A5363}.Debug|Any CPU.ActiveCfg = Debug|Any CPU
		{9E6E4AE2-3832-4146-972D-28195C1A5363}.Debug|Any CPU.Build.0 = Debug|Any CPU
		{9E6E4AE2-3832-4146-972D-28195C1A5363}.Release|Any CPU.ActiveCfg = Release|Any CPU
		{9E6E4AE2-3832-4146-972D-28195C1A5363}.Release|Any CPU.Build.0 = Release|Any CPU
		{18C4475D-2752-48CB-97B7-E054D2B177E4}.Debug|Any CPU.ActiveCfg = Debug|Any CPU
		{18C4475D-2752-48CB-97B7-E054D2B177E4}.Debug|Any CPU.Build.0 = Debug|Any CPU
		{18C4475D-2752-48CB-97B7-E054D2B177E4}.Release|Any CPU.ActiveCfg = Release|Any CPU
		{18C4475D-2752-48CB-97B7-E054D2B177E4}.Release|Any CPU.Build.0 = Release|Any CPU
		{C1C58C28-BDE2-47C8-8BA4-8A4D61ECB3E1}.Debug|Any CPU.ActiveCfg = Debug|Any CPU
		{C1C58C28-BDE2-47C8-8BA4-8A4D61ECB3E1}.Debug|Any CPU.Build.0 = Debug|Any CPU
		{C1C58C28-BDE2-47C8-8BA4-8A4D61ECB3E1}.Release|Any CPU.ActiveCfg = Release|Any CPU
		{C1C58C28-BDE2-47C8-8BA4-8A4D61ECB3E1}.Release|Any CPU.Build.0 = Release|Any CPU
	EndGlobalSection
EndGlobal
